<?xml version="1.0" encoding="utf-8"?>
<Project ToolsVersion="4.0" xmlns="http://schemas.microsoft.com/developer/msbuild/2003">
  <ItemGroup>
    <Filter Include="File di origine">
      <UniqueIdentifier>{4FC737F1-C7A5-4376-A066-2A32D752A2FF}</UniqueIdentifier>
      <Extensions>cpp;c;cc;cxx;c++;cppm;ixx;def;odl;idl;hpj;bat;asm;asmx</Extensions>
    </Filter>
    <Filter Include="File di intestazione">
      <UniqueIdentifier>{93995380-89BD-4b04-88EB-625FBE52EBFB}</UniqueIdentifier>
      <Extensions>h;hh;hpp;hxx;h++;hm;inl;inc;ipp;xsd</Extensions>
    </Filter>
    <Filter Include="File di risorse">
      <UniqueIdentifier>{67DA6AB6-F800-4c08-8B7A-83BB121AAD01}</UniqueIdentifier>
      <Extensions>rc;ico;cur;bmp;dlg;rc2;rct;bin;rgs;gif;jpg;jpeg;jpe;resx;tiff;tif;png;wav;mfcribbon-ms</Extensions>
    </Filter>
    <Filter Include="File di intestazione\Core">
      <UniqueIdentifier>{55ea2014-5afd-4f1b-b0ea-94d93d2bfac2}</UniqueIdentifier>
    </Filter>
    <Filter Include="File di intestazione\Math">
      <UniqueIdentifier>{35bbf08c-4daa-4803-a5ee-b325c9aaef61}</UniqueIdentifier>
    </Filter>
    <Filter Include="File di intestazione\Physics">
      <UniqueIdentifier>{cc5ef73b-00c3-49f4-847f-37924631c720}</UniqueIdentifier>
    </Filter>
    <Filter Include="File di intestazione\Collision">
      <UniqueIdentifier>{a69643c9-1eec-448d-9bcd-14e4abb83387}</UniqueIdentifier>
    </Filter>
    <Filter Include="File di origine\Core">
      <UniqueIdentifier>{33601aba-51f7-4ca9-8be8-b95e2da3ab4c}</UniqueIdentifier>
    </Filter>
    <Filter Include="File di origine\Math">
      <UniqueIdentifier>{efe5709d-1fa9-4f78-95b9-58f5c63fd720}</UniqueIdentifier>
    </Filter>
    <Filter Include="File di origine\Physics">
      <UniqueIdentifier>{e05b7331-14bb-41a6-9c5d-8e75712db2da}</UniqueIdentifier>
    </Filter>
    <Filter Include="File di origine\Collision">
      <UniqueIdentifier>{8fde7de9-e561-4105-b8ec-5ec69ad7d43b}</UniqueIdentifier>
    </Filter>
  </ItemGroup>
  <ItemGroup>
    <ClCompile Include="src\Math\Vector2.cpp">
      <Filter>File di origine\Math</Filter>
    </ClCompile>
    <ClCompile Include="src\main.cpp">
      <Filter>File di origine</Filter>
    </ClCompile>
    <ClCompile Include="src\Physics\RigidBody.cpp">
      <Filter>File di origine</Filter>
    </ClCompile>
  </ItemGroup>
  <ItemGroup>
    <ClInclude Include="include\Math\Vector2.h">
      <Filter>File di intestazione\Math</Filter>
    </ClInclude>
    <ClInclude Include="include\Physics\RigidBody.h">
      <Filter>File di intestazione</Filter>
    </ClInclude>
  </ItemGroup>
</Project>